
Microsoft Visual Studio Solution File, Format Version 12.00
# Visual Studio Version 17
VisualStudioVersion = 17.14.37203.1 d17.14
MinimumVisualStudioVersion = 10.0.40219.1
Project("{FAE04EC0-301F-11D3-BF4B-00C04F79EFBC}") = "escape room", "escape room.csproj", "{CD3DF515-EC69-4D0F-AC9A-89EF71D50723}"
EndProject
Global
	GlobalSection(SolutionConfigurationPlatforms) = preSolution
		Debug|Any CPU = Debug|Any CPU
		Release|Any CPU = Release|Any CPU
	EndGlobalSection
	GlobalSection(ProjectConfigurationPlatforms) = postSolution
		{CD3DF515-EC69-4D0F-AC9A-89EF71D50723}.Debug|Any CPU.ActiveCfg = Debug|Any CPU
		{CD3DF515-EC69-4D0F-AC9A-89EF71D50723}.Debug|Any CPU.Build.0 = Debug|Any CPU
		{CD3DF515-EC69-4D0F-AC9A-89EF71D50723}.Release|Any CPU.ActiveCfg = Release|Any CPU
		{CD3DF515-EC69-4D0F-AC9A-89EF71D50723}.Release|Any CPU.Build.0 = Release|Any CPU
	EndGlobalSection
	GlobalSection(SolutionProperties) = preSolution
		HideSolutionNode = FALSE
	EndGlobalSection
	GlobalSection(ExtensibilityGlobals) = postSolution
		SolutionGuid = {45CA63A8-7618-4EE8-9D43-3CA9F3577354}
	EndGlobalSection
EndGlobal
